
Microsoft Visual Studio Solution File, Format Version 12.00
# Visual Studio Version 17
VisualStudioVersion = 17.14.36419.15 d17.14
MinimumVisualStudioVersion = 10.0.40219.1
Project("{FAE04EC0-301F-11D3-BF4B-00C04F79EFBC}") = "OrdersAPI", "OrdersAPI\OrdersAPI.csproj", "{53C82A44-52CC-4B14-8724-C3571CDE0E2A}"
EndProject
Project("{FAE04EC0-301F-11D3-BF4B-00C04F79EFBC}") = "OrderProcessor", "OrderProcessor\OrderProcessor.csproj", "{0B076317-EF81-455A-B4DC-4D4A144C993A}"
EndProject
Global
	GlobalSection(SolutionConfigurationPlatforms) = preSolution
		Debug|Any CPU = Debug|Any CPU
		Release|Any CPU = Release|Any CPU
	EndGlobalSection
	GlobalSection(ProjectConfigurationPlatforms) = postSolution
		{53C82A44-52CC-4B14-8724-C3571CDE0E2A}.Debug|Any CPU.ActiveCfg = Debug|Any CPU
		{53C82A44-52CC-4B14-8724-C3571CDE0E2A}.Debug|Any CPU.Build.0 = Debug|Any CPU
		{53C82A44-52CC-4B14-8724-C3571CDE0E2A}.Release|Any CPU.ActiveCfg = Release|Any CPU
		{53C82A44-52CC-4B14-8724-C3571CDE0E2A}.Release|Any CPU.Build.0 = Release|Any CPU
		{0B076317-EF81-455A-B4DC-4D4A144C993A}.Debug|Any CPU.ActiveCfg = Debug|Any CPU
		{0B076317-EF81-455A-B4DC-4D4A144C993A}.Debug|Any CPU.Build.0 = Debug|Any CPU
		{0B076317-EF81-455A-B4DC-4D4A144C993A}.Release|Any CPU.ActiveCfg = Release|Any CPU
		{0B076317-EF81-455A-B4DC-4D4A144C993A}.Release|Any CPU.Build.0 = Release|Any CPU
	EndGlobalSection
	GlobalSection(SolutionProperties) = preSolution
		HideSolutionNode = FALSE
	EndGlobalSection
	GlobalSection(ExtensibilityGlobals) = postSolution
		SolutionGuid = {813F4D89-1A26-4EDD-A3B1-92CC8FAEC0E0}
	EndGlobalSection
EndGlobal
